{
  "name": "ai-video-ad-maker-shared",
  "version": "0.1.0",
  "lockfileVersion": 3,
  "requires": true,
  "packages": {
    "": {
      "name": "ai-video-ad-maker-shared",
      "version": "0.1.0",
      "dependencies": {
        "ai-video-ad-maker": "file:.."
      }
    },
    "..": {
      "name": "ai-video-ad-maker",
      "version": "0.1.0",
      "workspaces": [
        "client",
        "server",
        "remotion",
        "shared"
      ]
    },
    "node_modules/ai-video-ad-maker": {
      "resolved": "..",
      "link": true
    }
  }
}
